
Microsoft Visual Studio Solution File, Format Version 12.00
# Visual Studio Version 17
VisualStudioVersion = 17.3.32804.467
MinimumVisualStudioVersion = 10.0.40219.1
Project("{8BC9CEB8-8B4A-11D0-8D11-00A0C91BC942}") = "Yart.Engine", "Yart.Engine\Yart.Engine.vcxproj", "{21784B46-0789-43FE-AF2F-3D2D6BF64A1B}"
EndProject
Project("{9A19103F-16F7-4668-BE54-9A1E7A4F7556}") = "Yart.Client", "Yart.Client\Yart.Client.csproj", "{0E5CE9E8-CC90-4EEF-8321-3051B5A66863}"
	ProjectSection(ProjectDependencies) = postProject
		{21784B46-0789-43FE-AF2F-3D2D6BF64A1B} = {21784B46-0789-43FE-AF2F-3D2D6BF64A1B}
	EndProjectSection
EndProject
Project("{8BC9CEB8-8B4A-11D0-8D11-00A0C91BC942}") = "Yart.Engine.Bench", "Yart.Engine.Bench\Yart.Engine.Bench.vcxproj", "{FC5D2F52-F41F-402C-A4A7-00697E650219}"
EndProject
Project("{8BC9CEB8-8B4A-11D0-8D11-00A0C91BC942}") = "Yart.Engine.Tests", "Yart.Engine.Tests\Yart.Engine.Tests.vcxproj", "{00A3A57C-9139-4E58-9F77-7F6EB04DC06D}"
EndProject
Project("{9A19103F-16F7-4668-BE54-9A1E7A4F7556}") = "Yart.ConsoleClient", "Yart.ConsoleClient\Yart.ConsoleClient.csproj", "{9DBE7567-317D-4068-8803-411FC5369D09}"
	ProjectSection(ProjectDependencies) = postProject
		{21784B46-0789-43FE-AF2F-3D2D6BF64A1B} = {21784B46-0789-43FE-AF2F-3D2D6BF64A1B}
	EndProjectSection
EndProject
Global
	GlobalSection(SolutionConfigurationPlatforms) = preSolution
		Debug|x64 = Debug|x64
		Release|x64 = Release|x64
	EndGlobalSection
	GlobalSection(ProjectConfigurationPlatforms) = postSolution
		{21784B46-0789-43FE-AF2F-3D2D6BF64A1B}.Debug|x64.ActiveCfg = Debug|x64
		{21784B46-0789-43FE-AF2F-3D2D6BF64A1B}.Debug|x64.Build.0 = Debug|x64
		{21784B46-0789-43FE-AF2F-3D2D6BF64A1B}.Release|x64.ActiveCfg = Release|x64
		{21784B46-0789-43FE-AF2F-3D2D6BF64A1B}.Release|x64.Build.0 = Release|x64
		{0E5CE9E8-CC90-4EEF-8321-3051B5A66863}.Debug|x64.ActiveCfg = Debug|Any CPU
		{0E5CE9E8-CC90-4EEF-8321-3051B5A66863}.Debug|x64.Build.0 = Debug|Any CPU
		{0E5CE9E8-CC90-4EEF-8321-3051B5A66863}.Release|x64.ActiveCfg = Release|Any CPU
		{0E5CE9E8-CC90-4EEF-8321-3051B5A66863}.Release|x64.Build.0 = Release|Any CPU
		{FC5D2F52-F41F-402C-A4A7-00697E650219}.Debug|x64.ActiveCfg = Debug|x64
		{FC5D2F52-F41F-402C-A4A7-00697E650219}.Debug|x64.Build.0 = Debug|x64
		{FC5D2F52-F41F-402C-A4A7-00697E650219}.Release|x64.ActiveCfg = Release|x64
		{FC5D2F52-F41F-402C-A4A7-00697E650219}.Release|x64.Build.0 = Release|x64
		{00A3A57C-9139-4E58-9F77-7F6EB04DC06D}.Debug|x64.ActiveCfg = Debug|x64
		{00A3A57C-9139-4E58-9F77-7F6EB04DC06D}.Release|x64.ActiveCfg = Release|x64
		{9DBE7567-317D-4068-8803-411FC5369D09}.Debug|x64.ActiveCfg = Debug|Any CPU
		{9DBE7567-317D-4068-8803-411FC5369D09}.Debug|x64.Build.0 = Debug|Any CPU
		{9DBE7567-317D-4068-8803-411FC5369D09}.Release|x64.ActiveCfg = Release|Any CPU
		{9DBE7567-317D-4068-8803-411FC5369D09}.Release|x64.Build.0 = Release|Any CPU
	EndGlobalSection
	GlobalSection(SolutionProperties) = preSolution
		HideSolutionNode = FALSE
	EndGlobalSection
	GlobalSection(ExtensibilityGlobals) = postSolution
		SolutionGuid = {A38E7DB1-F935-46BC-8B4A-37671257F7E5}
	EndGlobalSection
EndGlobal
